
Microsoft Visual Studio Solution File, Format Version 12.00
# Visual Studio 15
VisualStudioVersion = 15.0.28307.168
MinimumVisualStudioVersion = 10.0.40219.1
Project("{FAE04EC0-301F-11D3-BF4B-00C04F79EFBC}") = "TiendaDeportes", "TiendaDeportes\TiendaDeportes.csproj", "{06B477C2-A076-4CE1-9A36-06F28772D78F}"
EndProject
Global
	GlobalSection(SolutionConfigurationPlatforms) = preSolution
		Debug|Any CPU = Debug|Any CPU
		Release|Any CPU = Release|Any CPU
	EndGlobalSection
	GlobalSection(ProjectConfigurationPlatforms) = postSolution
		{06B477C2-A076-4CE1-9A36-06F28772D78F}.Debug|Any CPU.ActiveCfg = Debug|Any CPU
		{06B477C2-A076-4CE1-9A36-06F28772D78F}.Debug|Any CPU.Build.0 = Debug|Any CPU
		{06B477C2-A076-4CE1-9A36-06F28772D78F}.Release|Any CPU.ActiveCfg = Release|Any CPU
		{06B477C2-A076-4CE1-9A36-06F28772D78F}.Release|Any CPU.Build.0 = Release|Any CPU
	EndGlobalSection
	GlobalSection(SolutionProperties) = preSolution
		HideSolutionNode = FALSE
	EndGlobalSection
	GlobalSection(ExtensibilityGlobals) = postSolution
		SolutionGuid = {1EF8A608-94D0-4D8D-B4CF-E0795022CDB6}
	EndGlobalSection
EndGlobal
